
Microsoft Visual Studio Solution File, Format Version 12.00
# Visual Studio Version 16
VisualStudioVersion = 16.0.30225.117
MinimumVisualStudioVersion = 10.0.40219.1
Project("{FAE04EC0-301F-11D3-BF4B-00C04F79EFBC}") = "2019v2", "2019v2\2019v2.csproj", "{087C65D6-732B-4BF8-9B58-53FF850FBBB3}"
EndProject
Global
	GlobalSection(SolutionConfigurationPlatforms) = preSolution
		Debug|Any CPU = Debug|Any CPU
		Release|Any CPU = Release|Any CPU
	EndGlobalSection
	GlobalSection(ProjectConfigurationPlatforms) = postSolution
		{087C65D6-732B-4BF8-9B58-53FF850FBBB3}.Debug|Any CPU.ActiveCfg = Debug|Any CPU
		{087C65D6-732B-4BF8-9B58-53FF850FBBB3}.Debug|Any CPU.Build.0 = Debug|Any CPU
		{087C65D6-732B-4BF8-9B58-53FF850FBBB3}.Release|Any CPU.ActiveCfg = Release|Any CPU
		{087C65D6-732B-4BF8-9B58-53FF850FBBB3}.Release|Any CPU.Build.0 = Release|Any CPU
	EndGlobalSection
	GlobalSection(SolutionProperties) = preSolution
		HideSolutionNode = FALSE
	EndGlobalSection
	GlobalSection(ExtensibilityGlobals) = postSolution
		SolutionGuid = {163AF644-AEB0-4039-BF75-616AC02B579B}
	EndGlobalSection
EndGlobal
